{
  "name": "WebMap",
  "lockfileVersion": 3,
  "requires": true,
  "packages": {
    "": {
      "dependencies": {
        "leaflet.browser.print": "^2.0.2"
      }
    },
    "node_modules/leaflet.browser.print": {
      "version": "2.0.2",
      "resolved": "https://registry.npmjs.org/leaflet.browser.print/-/leaflet.browser.print-2.0.2.tgz",
      "integrity": "sha512-/gE9sF35OwKdkaD13LJf3Jxh1yNFPN6BqNtf7qsMKzvbWLwkRsiBTmOY8d4hhAS3JoWfEPavW/QCURKbT2HuUg==",
      "license": "MIT (http://www.opensource.org/licenses/mit-license.php)"
    }
  }
}
